
Microsoft Visual Studio Solution File, Format Version 12.00
# Visual Studio Version 17
VisualStudioVersion = 17.10.35013.160
MinimumVisualStudioVersion = 10.0.40219.1
Project("{FAE04EC0-301F-11D3-BF4B-00C04F79EFBC}") = "ProjetaHDR", "ProjetaHDR.csproj", "{10A35BCE-67FD-46D3-9344-BE14036E0EA9}"
EndProject
Global
	GlobalSection(SolutionConfigurationPlatforms) = preSolution
		Debug|Any CPU = Debug|Any CPU
		Release|Any CPU = Release|Any CPU
	EndGlobalSection
	GlobalSection(ProjectConfigurationPlatforms) = postSolution
		{10A35BCE-67FD-46D3-9344-BE14036E0EA9}.Debug|Any CPU.ActiveCfg = Debug|Any CPU
		{10A35BCE-67FD-46D3-9344-BE14036E0EA9}.Debug|Any CPU.Build.0 = Debug|Any CPU
		{10A35BCE-67FD-46D3-9344-BE14036E0EA9}.Release|Any CPU.ActiveCfg = Release|Any CPU
		{10A35BCE-67FD-46D3-9344-BE14036E0EA9}.Release|Any CPU.Build.0 = Release|Any CPU
	EndGlobalSection
	GlobalSection(SolutionProperties) = preSolution
		HideSolutionNode = FALSE
	EndGlobalSection
	GlobalSection(ExtensibilityGlobals) = postSolution
		SolutionGuid = {D35E6B0C-D58B-46E7-8B1C-DD445F0ADBA4}
	EndGlobalSection
EndGlobal
